
Microsoft Visual Studio Solution File, Format Version 12.00
# Visual Studio Version 17
VisualStudioVersion = 17.8.34408.163
MinimumVisualStudioVersion = 10.0.40219.1
Project("{FAE04EC0-301F-11D3-BF4B-00C04F79EFBC}") = "pb1", "pb1\pb1.csproj", "{5102C87A-5078-4197-9944-810218B2983C}"
EndProject
Project("{FAE04EC0-301F-11D3-BF4B-00C04F79EFBC}") = "pb2", "pb2\pb2.csproj", "{EBF0399F-9EEB-4E21-A31F-2363B5C3F43F}"
EndProject
Project("{FAE04EC0-301F-11D3-BF4B-00C04F79EFBC}") = "pb3", "pb3\pb3.csproj", "{E0B11031-8A6D-4D2D-ADA0-22FF339F85FC}"
EndProject
Project("{FAE04EC0-301F-11D3-BF4B-00C04F79EFBC}") = "pb4", "pb4\pb4.csproj", "{F2CF09BE-CFF1-43CA-B76F-DAA8D88A4C49}"
EndProject
Project("{FAE04EC0-301F-11D3-BF4B-00C04F79EFBC}") = "pb5", "pb5\pb5.csproj", "{2EBB188E-4185-4371-ACB0-FEB4263B34D6}"
EndProject
Project("{FAE04EC0-301F-11D3-BF4B-00C04F79EFBC}") = "pb6", "pb6\pb6.csproj", "{DC714C04-BD9A-4ED1-8FF4-C2524CAF6BD0}"
EndProject
Project("{FAE04EC0-301F-11D3-BF4B-00C04F79EFBC}") = "pb7", "pb7\pb7.csproj", "{AD279200-72B7-4D27-AEC2-DA198F4C9695}"
EndProject
Project("{FAE04EC0-301F-11D3-BF4B-00C04F79EFBC}") = "pb8", "pb8\pb8.csproj", "{CCB50E47-14E8-451D-B470-7C59441AA798}"
EndProject
Project("{FAE04EC0-301F-11D3-BF4B-00C04F79EFBC}") = "pb9", "pb9\pb9.csproj", "{CD8F7096-CBE7-44F7-9FA4-E093C4899ADA}"
EndProject
Project("{FAE04EC0-301F-11D3-BF4B-00C04F79EFBC}") = "pb10", "pb10\pb10.csproj", "{316392B6-0F30-4ED8-B537-21F50D40497B}"
EndProject
Project("{FAE04EC0-301F-11D3-BF4B-00C04F79EFBC}") = "pb11", "pb11\pb11.csproj", "{2EBDFDB5-278B-42FF-BF1C-B5EC1940EE9D}"
EndProject
Project("{FAE04EC0-301F-11D3-BF4B-00C04F79EFBC}") = "pb12", "pb12\pb12.csproj", "{DD61C054-C827-4D0D-80F5-968DC0225881}"
EndProject
Project("{FAE04EC0-301F-11D3-BF4B-00C04F79EFBC}") = "pb13", "pb13\pb13.csproj", "{ACB33AC8-2D0F-44E9-BA5A-835012A6B90C}"
EndProject
Global
	GlobalSection(SolutionConfigurationPlatforms) = preSolution
		Debug|Any CPU = Debug|Any CPU
		Release|Any CPU = Release|Any CPU
	EndGlobalSection
	GlobalSection(ProjectConfigurationPlatforms) = postSolution
		{5102C87A-5078-4197-9944-810218B2983C}.Debug|Any CPU.ActiveCfg = Debug|Any CPU
		{5102C87A-5078-4197-9944-810218B2983C}.Debug|Any CPU.Build.0 = Debug|Any CPU
		{5102C87A-5078-4197-9944-810218B2983C}.Release|Any CPU.ActiveCfg = Release|Any CPU
		{5102C87A-5078-4197-9944-810218B2983C}.Release|Any CPU.Build.0 = Release|Any CPU
		{EBF0399F-9EEB-4E21-A31F-2363B5C3F43F}.Debug|Any CPU.ActiveCfg = Debug|Any CPU
		{EBF0399F-9EEB-4E21-A31F-2363B5C3F43F}.Debug|Any CPU.Build.0 = Debug|Any CPU
		{EBF0399F-9EEB-4E21-A31F-2363B5C3F43F}.Release|Any CPU.ActiveCfg = Release|Any CPU
		{EBF0399F-9EEB-4E21-A31F-2363B5C3F43F}.Release|Any CPU.Build.0 = Release|Any CPU
		{E0B11031-8A6D-4D2D-ADA0-22FF339F85FC}.Debug|Any CPU.ActiveCfg = Debug|Any CPU
		{E0B11031-8A6D-4D2D-ADA0-22FF339F85FC}.Debug|Any CPU.Build.0 = Debug|Any CPU
		{E0B11031-8A6D-4D2D-ADA0-22FF339F85FC}.Release|Any CPU.ActiveCfg = Release|Any CPU
		{E0B11031-8A6D-4D2D-ADA0-22FF339F85FC}.Release|Any CPU.Build.0 = Release|Any CPU
		{F2CF09BE-CFF1-43CA-B76F-DAA8D88A4C49}.Debug|Any CPU.ActiveCfg = Debug|Any CPU
		{F2CF09BE-CFF1-43CA-B76F-DAA8D88A4C49}.Debug|Any CPU.Build.0 = Debug|Any CPU
		{F2CF09BE-CFF1-43CA-B76F-DAA8D88A4C49}.Release|Any CPU.ActiveCfg = Release|Any CPU
		{F2CF09BE-CFF1-43CA-B76F-DAA8D88A4C49}.Release|Any CPU.Build.0 = Release|Any CPU
		{2EBB188E-4185-4371-ACB0-FEB4263B34D6}.Debug|Any CPU.ActiveCfg = Debug|Any CPU
		{2EBB188E-4185-4371-ACB0-FEB4263B34D6}.Debug|Any CPU.Build.0 = Debug|Any CPU
		{2EBB188E-4185-4371-ACB0-FEB4263B34D6}.Release|Any CPU.ActiveCfg = Release|Any CPU
		{2EBB188E-4185-4371-ACB0-FEB4263B34D6}.Release|Any CPU.Build.0 = Release|Any CPU
		{DC714C04-BD9A-4ED1-8FF4-C2524CAF6BD0}.Debug|Any CPU.ActiveCfg = Debug|Any CPU
		{DC714C04-BD9A-4ED1-8FF4-C2524CAF6BD0}.Debug|Any CPU.Build.0 = Debug|Any CPU
		{DC714C04-BD9A-4ED1-8FF4-C2524CAF6BD0}.Release|Any CPU.ActiveCfg = Release|Any CPU
		{DC714C04-BD9A-4ED1-8FF4-C2524CAF6BD0}.Release|Any CPU.Build.0 = Release|Any CPU
		{AD279200-72B7-4D27-AEC2-DA198F4C9695}.Debug|Any CPU.ActiveCfg = Debug|Any CPU
		{AD279200-72B7-4D27-AEC2-DA198F4C9695}.Debug|Any CPU.Build.0 = Debug|Any CPU
		{AD279200-72B7-4D27-AEC2-DA198F4C9695}.Release|Any CPU.ActiveCfg = Release|Any CPU
		{AD279200-72B7-4D27-AEC2-DA198F4C9695}.Release|Any CPU.Build.0 = Release|Any CPU
		{CCB50E47-14E8-451D-B470-7C59441AA798}.Debug|Any CPU.ActiveCfg = Debug|Any CPU
		{CCB50E47-14E8-451D-B470-7C59441AA798}.Debug|Any CPU.Build.0 = Debug|Any CPU
		{CCB50E47-14E8-451D-B470-7C59441AA798}.Release|Any CPU.ActiveCfg = Release|Any CPU
		{CCB50E47-14E8-451D-B470-7C59441AA798}.Release|Any CPU.Build.0 = Release|Any CPU
		{CD8F7096-CBE7-44F7-9FA4-E093C4899ADA}.Debug|Any CPU.ActiveCfg = Debug|Any CPU
		{CD8F7096-CBE7-44F7-9FA4-E093C4899ADA}.Debug|Any CPU.Build.0 = Debug|Any CPU
		{CD8F7096-CBE7-44F7-9FA4-E093C4899ADA}.Release|Any CPU.ActiveCfg = Release|Any CPU
		{CD8F7096-CBE7-44F7-9FA4-E093C4899ADA}.Release|Any CPU.Build.0 = Release|Any CPU
		{316392B6-0F30-4ED8-B537-21F50D40497B}.Debug|Any CPU.ActiveCfg = Debug|Any CPU
		{316392B6-0F30-4ED8-B537-21F50D40497B}.Debug|Any CPU.Build.0 = Debug|Any CPU
		{316392B6-0F30-4ED8-B537-21F50D40497B}.Release|Any CPU.ActiveCfg = Release|Any CPU
		{316392B6-0F30-4ED8-B537-21F50D40497B}.Release|Any CPU.Build.0 = Release|Any CPU
		{2EBDFDB5-278B-42FF-BF1C-B5EC1940EE9D}.Debug|Any CPU.ActiveCfg = Debug|Any CPU
		{2EBDFDB5-278B-42FF-BF1C-B5EC1940EE9D}.Debug|Any CPU.Build.0 = Debug|Any CPU
		{2EBDFDB5-278B-42FF-BF1C-B5EC1940EE9D}.Release|Any CPU.ActiveCfg = Release|Any CPU
		{2EBDFDB5-278B-42FF-BF1C-B5EC1940EE9D}.Release|Any CPU.Build.0 = Release|Any CPU
		{DD61C054-C827-4D0D-80F5-968DC0225881}.Debug|Any CPU.ActiveCfg = Debug|Any CPU
		{DD61C054-C827-4D0D-80F5-968DC0225881}.Debug|Any CPU.Build.0 = Debug|Any CPU
		{DD61C054-C827-4D0D-80F5-968DC0225881}.Release|Any CPU.ActiveCfg = Release|Any CPU
		{DD61C054-C827-4D0D-80F5-968DC0225881}.Release|Any CPU.Build.0 = Release|Any CPU
		{ACB33AC8-2D0F-44E9-BA5A-835012A6B90C}.Debug|Any CPU.ActiveCfg = Debug|Any CPU
		{ACB33AC8-2D0F-44E9-BA5A-835012A6B90C}.Debug|Any CPU.Build.0 = Debug|Any CPU
		{ACB33AC8-2D0F-44E9-BA5A-835012A6B90C}.Release|Any CPU.ActiveCfg = Release|Any CPU
		{ACB33AC8-2D0F-44E9-BA5A-835012A6B90C}.Release|Any CPU.Build.0 = Release|Any CPU
	EndGlobalSection
	GlobalSection(SolutionProperties) = preSolution
		HideSolutionNode = FALSE
	EndGlobalSection
	GlobalSection(ExtensibilityGlobals) = postSolution
		SolutionGuid = {5F5B26C1-E218-4C6B-8FB0-FF1E68D22C2C}
	EndGlobalSection
EndGlobal
